// !$*UTF8*$!
{
	archiveVersion = 1;
	classes = {
	};
	objectVersion = 50;
	objects = {

/* Begin PBXBuildFile section */
		4FD4CB444C88BEAB48DC589C /* libPods-Matrix Task.a in Frameworks */ = {isa = PBXBuildFile; fileRef = 3D7874A69E86548B0DD0E2D3 /* libPods-Matrix Task.a */; };
		D63D5C8A248693EF004F0681 /* UserNotificationManager.swift in Sources */ = {isa = PBXBuildFile; fileRef = D63D5C89248693EF004F0681 /* UserNotificationManager.swift */; };
		D6CEEE35248596E2004A3282 /* AppDelegate.swift in Sources */ = {isa = PBXBuildFile; fileRef = D6CEEE34248596E2004A3282 /* AppDelegate.swift */; };
		D6CEEE37248596E2004A3282 /* SceneDelegate.swift in Sources */ = {isa = PBXBuildFile; fileRef = D6CEEE36248596E2004A3282 /* SceneDelegate.swift */; };
		D6CEEE39248596E2004A3282 /* MainVC.swift in Sources */ = {isa = PBXBuildFile; fileRef = D6CEEE38248596E2004A3282 /* MainVC.swift */; };
		D6CEEE3C248596E2004A3282 /* Main.storyboard in Resources */ = {isa = PBXBuildFile; fileRef = D6CEEE3A248596E2004A3282 /* Main.storyboard */; };
		D6CEEE3E248596E3004A3282 /* Assets.xcassets in Resources */ = {isa = PBXBuildFile; fileRef = D6CEEE3D248596E3004A3282 /* Assets.xcassets */; };
		D6CEEE41248596E3004A3282 /* LaunchScreen.storyboard in Resources */ = {isa = PBXBuildFile; fileRef = D6CEEE3F248596E3004A3282 /* LaunchScreen.storyboard */; };
		D6CEEE4C248597E3004A3282 /* Task.swift in Sources */ = {isa = PBXBuildFile; fileRef = D6CEEE4B248597E3004A3282 /* Task.swift */; };
		D6CEEE4E24859839004A3282 /* Realm.swift in Sources */ = {isa = PBXBuildFile; fileRef = D6CEEE4D24859839004A3282 /* Realm.swift */; };
		D6CEEE502485985D004A3282 /* DoFirstVC.swift in Sources */ = {isa = PBXBuildFile; fileRef = D6CEEE4F2485985D004A3282 /* DoFirstVC.swift */; };
		D6CEEE5224859884004A3282 /* DetailsTableVC.swift in Sources */ = {isa = PBXBuildFile; fileRef = D6CEEE5124859884004A3282 /* DetailsTableVC.swift */; };
		D6CEEE54248598C2004A3282 /* ScheduleVC.swift in Sources */ = {isa = PBXBuildFile; fileRef = D6CEEE53248598C2004A3282 /* ScheduleVC.swift */; };
		D6CEEE5624859A2D004A3282 /* DelegateVC.swift in Sources */ = {isa = PBXBuildFile; fileRef = D6CEEE5524859A2D004A3282 /* DelegateVC.swift */; };
		D6CEEE5824859A42004A3282 /* DeleteVC.swift in Sources */ = {isa = PBXBuildFile; fileRef = D6CEEE5724859A42004A3282 /* DeleteVC.swift */; };
/* End PBXBuildFile section */

/* Begin PBXFileReference section */
		3D7874A69E86548B0DD0E2D3 /* libPods-Matrix Task.a */ = {isa = PBXFileReference; explicitFileType = archive.ar; includeInIndex = 0; path = "libPods-Matrix Task.a"; sourceTree = BUILT_PRODUCTS_DIR; };
		9C6102E243D6DAB2F7D94FC9 /* Pods-Matrix Task.debug.xcconfig */ = {isa = PBXFileReference; includeInIndex = 1; lastKnownFileType = text.xcconfig; name = "Pods-Matrix Task.debug.xcconfig"; path = "Target Support Files/Pods-Matrix Task/Pods-Matrix Task.debug.xcconfig"; sourceTree = "<group>"; };
		A2AA3418A879F0D5382B4D0D /* Pods-Matrix Task.release.xcconfig */ = {isa = PBXFileReference; includeInIndex = 1; lastKnownFileType = text.xcconfig; name = "Pods-Matrix Task.release.xcconfig"; path = "Target Support Files/Pods-Matrix Task/Pods-Matrix Task.release.xcconfig"; sourceTree = "<group>"; };
		D63D5C89248693EF004F0681 /* UserNotificationManager.swift */ = {isa = PBXFileReference; lastKnownFileType = sourcecode.swift; path = UserNotificationManager.swift; sourceTree = "<group>"; };
		D6CEEE31248596E2004A3282 /* Matrix Task.app */ = {isa = PBXFileReference; explicitFileType = wrapper.application; includeInIndex = 0; path = "Matrix Task.app"; sourceTree = BUILT_PRODUCTS_DIR; };
		D6CEEE34248596E2004A3282 /* AppDelegate.swift */ = {isa = PBXFileReference; lastKnownFileType = sourcecode.swift; path = AppDelegate.swift; sourceTree = "<group>"; };
		D6CEEE36248596E2004A3282 /* SceneDelegate.swift */ = {isa = PBXFileReference; lastKnownFileType = sourcecode.swift; path = SceneDelegate.swift; sourceTree = "<group>"; };
		D6CEEE38248596E2004A3282 /* MainVC.swift */ = {isa = PBXFileReference; lastKnownFileType = sourcecode.swift; path = MainVC.swift; sourceTree = "<group>"; };
		D6CEEE3B248596E2004A3282 /* Base */ = {isa = PBXFileReference; lastKnownFileType = file.storyboard; name = Base; path = Base.lproj/Main.storyboard; sourceTree = "<group>"; };
		D6CEEE3D248596E3004A3282 /* Assets.xcassets */ = {isa = PBXFileReference; lastKnownFileType = folder.assetcatalog; path = Assets.xcassets; sourceTree = "<group>"; };
		D6CEEE40248596E3004A3282 /* Base */ = {isa = PBXFileReference; lastKnownFileType = file.storyboard; name = Base; path = Base.lproj/LaunchScreen.storyboard; sourceTree = "<group>"; };
		D6CEEE42248596E3004A3282 /* Info.plist */ = {isa = PBXFileReference; lastKnownFileType = text.plist.xml; path = Info.plist; sourceTree = "<group>"; };
		D6CEEE4B248597E3004A3282 /* Task.swift */ = {isa = PBXFileReference; lastKnownFileType = sourcecode.swift; path = Task.swift; sourceTree = "<group>"; };
		D6CEEE4D24859839004A3282 /* Realm.swift */ = {isa = PBXFileReference; lastKnownFileType = sourcecode.swift; path = Realm.swift; sourceTree = "<group>"; };
		D6CEEE4F2485985D004A3282 /* DoFirstVC.swift */ = {isa = PBXFileReference; lastKnownFileType = sourcecode.swift; path = DoFirstVC.swift; sourceTree = "<group>"; };
		D6CEEE5124859884004A3282 /* DetailsTableVC.swift */ = {isa = PBXFileReference; lastKnownFileType = sourcecode.swift; path = DetailsTableVC.swift; sourceTree = "<group>"; };
		D6CEEE53248598C2004A3282 /* ScheduleVC.swift */ = {isa = PBXFileReference; lastKnownFileType = sourcecode.swift; path = ScheduleVC.swift; sourceTree = "<group>"; };
		D6CEEE5524859A2D004A3282 /* DelegateVC.swift */ = {isa = PBXFileReference; lastKnownFileType = sourcecode.swift; path = DelegateVC.swift; sourceTree = "<group>"; };
		D6CEEE5724859A42004A3282 /* DeleteVC.swift */ = {isa = PBXFileReference; lastKnownFileType = sourcecode.swift; path = DeleteVC.swift; sourceTree = "<group>"; };
/* End PBXFileReference section */

/* Begin PBXFrameworksBuildPhase section */
		D6CEEE2E248596E2004A3282 /* Frameworks */ = {
			isa = PBXFrameworksBuildPhase;
			buildActionMask = 2147483647;
			files = (
				4FD4CB444C88BEAB48DC589C /* libPods-Matrix Task.a in Frameworks */,
			);
			runOnlyForDeploymentPostprocessing = 0;
		};
/* End PBXFrameworksBuildPhase section */

/* Begin PBXGroup section */
		C9324577ACA9A47B57E14B91 /* Frameworks */ = {
			isa = PBXGroup;
			children = (
				3D7874A69E86548B0DD0E2D3 /* libPods-Matrix Task.a */,
			);
			name = Frameworks;
			sourceTree = "<group>";
		};
		D39945FC9E34253F55705BBD /* Pods */ = {
			isa = PBXGroup;
			children = (
				9C6102E243D6DAB2F7D94FC9 /* Pods-Matrix Task.debug.xcconfig */,
				A2AA3418A879F0D5382B4D0D /* Pods-Matrix Task.release.xcconfig */,
			);
			path = Pods;
			sourceTree = "<group>";
		};
		D6CEEE28248596E2004A3282 = {
			isa = PBXGroup;
			children = (
				D6CEEE33248596E2004A3282 /* Matrix Task */,
				D6CEEE32248596E2004A3282 /* Products */,
				D39945FC9E34253F55705BBD /* Pods */,
				C9324577ACA9A47B57E14B91 /* Frameworks */,
			);
			sourceTree = "<group>";
		};
		D6CEEE32248596E2004A3282 /* Products */ = {
			isa = PBXGroup;
			children = (
				D6CEEE31248596E2004A3282 /* Matrix Task.app */,
			);
			name = Products;
			sourceTree = "<group>";
		};
		D6CEEE33248596E2004A3282 /* Matrix Task */ = {
			isa = PBXGroup;
			children = (
				D6CEEE4A2485979B004A3282 /* App */,
				D6CEEE4924859793004A3282 /* Models */,
				D6CEEE4824859788004A3282 /* Controllers */,
				D6CEEE3A248596E2004A3282 /* Main.storyboard */,
				D6CEEE3D248596E3004A3282 /* Assets.xcassets */,
				D6CEEE3F248596E3004A3282 /* LaunchScreen.storyboard */,
				D6CEEE42248596E3004A3282 /* Info.plist */,
			);
			path = "Matrix Task";
			sourceTree = "<group>";
		};
		D6CEEE4824859788004A3282 /* Controllers */ = {
			isa = PBXGroup;
			children = (
				D6CEEE38248596E2004A3282 /* MainVC.swift */,
				D6CEEE5124859884004A3282 /* DetailsTableVC.swift */,
				D6CEEE4F2485985D004A3282 /* DoFirstVC.swift */,
				D6CEEE53248598C2004A3282 /* ScheduleVC.swift */,
				D6CEEE5524859A2D004A3282 /* DelegateVC.swift */,
				D6CEEE5724859A42004A3282 /* DeleteVC.swift */,
			);
			path = Controllers;
			sourceTree = "<group>";
		};
		D6CEEE4924859793004A3282 /* Models */ = {
			isa = PBXGroup;
			children = (
				D6CEEE4B248597E3004A3282 /* Task.swift */,
				D6CEEE4D24859839004A3282 /* Realm.swift */,
				D63D5C89248693EF004F0681 /* UserNotificationManager.swift */,
			);
			path = Models;
			sourceTree = "<group>";
		};
		D6CEEE4A2485979B004A3282 /* App */ = {
			isa = PBXGroup;
			children = (
				D6CEEE34248596E2004A3282 /* AppDelegate.swift */,
				D6CEEE36248596E2004A3282 /* SceneDelegate.swift */,
			);
			path = App;
			sourceTree = "<group>";
		};
/* End PBXGroup section */

/* Begin PBXNativeTarget section */
		D6CEEE30248596E2004A3282 /* Matrix Task */ = {
			isa = PBXNativeTarget;
			buildConfigurationList = D6CEEE45248596E3004A3282 /* Build configuration list for PBXNativeTarget "Matrix Task" */;
			buildPhases = (
				318C6F770BA4E5750C6E3791 /* [CP] Check Pods Manifest.lock */,
				D6CEEE2D248596E2004A3282 /* Sources */,
				D6CEEE2E248596E2004A3282 /* Frameworks */,
				D6CEEE2F248596E2004A3282 /* Resources */,
			);
			buildRules = (
			);
			dependencies = (
			);
			name = "Matrix Task";
			productName = "Matrix Task";
			productReference = D6CEEE31248596E2004A3282 /* Matrix Task.app */;
			productType = "com.apple.product-type.application";
		};
/* End PBXNativeTarget section */

/* Begin PBXProject section */
		D6CEEE29248596E2004A3282 /* Project object */ = {
			isa = PBXProject;
			attributes = {
				LastSwiftUpdateCheck = 1140;
				LastUpgradeCheck = 1140;
				ORGANIZATIONNAME = "Veranika Razdabudzka";
				TargetAttributes = {
					D6CEEE30248596E2004A3282 = {
						CreatedOnToolsVersion = 11.4.1;
					};
				};
			};
			buildConfigurationList = D6CEEE2C248596E2004A3282 /* Build configuration list for PBXProject "Matrix Task" */;
			compatibilityVersion = "Xcode 9.3";
			developmentRegion = en;
			hasScannedForEncodings = 0;
			knownRegions = (
				en,
				Base,
			);
			mainGroup = D6CEEE28248596E2004A3282;
			productRefGroup = D6CEEE32248596E2004A3282 /* Products */;
			projectDirPath = "";
			projectRoot = "";
			targets = (
				D6CEEE30248596E2004A3282 /* Matrix Task */,
			);
		};
/* End PBXProject section */

/* Begin PBXResourcesBuildPhase section */
		D6CEEE2F248596E2004A3282 /* Resources */ = {
			isa = PBXResourcesBuildPhase;
			buildActionMask = 2147483647;
			files = (
				D6CEEE41248596E3004A3282 /* LaunchScreen.storyboard in Resources */,
				D6CEEE3E248596E3004A3282 /* Assets.xcassets in Resources */,
				D6CEEE3C248596E2004A3282 /* Main.storyboard in Resources */,
			);
			runOnlyForDeploymentPostprocessing = 0;
		};
/* End PBXResourcesBuildPhase section */

/* Begin PBXShellScriptBuildPhase section */
		318C6F770BA4E5750C6E3791 /* [CP] Check Pods Manifest.lock */ = {
			isa = PBXShellScriptBuildPhase;
			buildActionMask = 2147483647;
			files = (
			);
			inputFileListPaths = (
			);
			inputPaths = (
				"${PODS_PODFILE_DIR_PATH}/Podfile.lock",
				"${PODS_ROOT}/Manifest.lock",
			);
			name = "[CP] Check Pods Manifest.lock";
			outputFileListPaths = (
			);
			outputPaths = (
				"$(DERIVED_FILE_DIR)/Pods-Matrix Task-checkManifestLockResult.txt",
			);
			runOnlyForDeploymentPostprocessing = 0;
			shellPath = /bin/sh;
			shellScript = "diff \"${PODS_PODFILE_DIR_PATH}/Podfile.lock\" \"${PODS_ROOT}/Manifest.lock\" > /dev/null\nif [ $? != 0 ] ; then\n    # print error to STDERR\n    echo \"error: The sandbox is not in sync with the Podfile.lock. Run 'pod install' or update your CocoaPods installation.\" >&2\n    exit 1\nfi\n# This output is used by Xcode 'outputs' to avoid re-running this script phase.\necho \"SUCCESS\" > \"${SCRIPT_OUTPUT_FILE_0}\"\n";
			showEnvVarsInLog = 0;
		};
/* End PBXShellScriptBuildPhase section */

/* Begin PBXSourcesBuildPhase section */
		D6CEEE2D248596E2004A3282 /* Sources */ = {
			isa = PBXSourcesBuildPhase;
			buildActionMask = 2147483647;
			files = (
				D6CEEE4E24859839004A3282 /* Realm.swift in Sources */,
				D6CEEE54248598C2004A3282 /* ScheduleVC.swift in Sources */,
				D6CEEE4C248597E3004A3282 /* Task.swift in Sources */,
				D6CEEE39248596E2004A3282 /* MainVC.swift in Sources */,
				D6CEEE35248596E2004A3282 /* AppDelegate.swift in Sources */,
				D6CEEE5824859A42004A3282 /* DeleteVC.swift in Sources */,
				D6CEEE502485985D004A3282 /* DoFirstVC.swift in Sources */,
				D6CEEE5224859884004A3282 /* DetailsTableVC.swift in Sources */,
				D63D5C8A248693EF004F0681 /* UserNotificationManager.swift in Sources */,
				D6CEEE5624859A2D004A3282 /* DelegateVC.swift in Sources */,
				D6CEEE37248596E2004A3282 /* SceneDelegate.swift in Sources */,
			);
			runOnlyForDeploymentPostprocessing = 0;
		};
/* End PBXSourcesBuildPhase section */

/* Begin PBXVariantGroup section */
		D6CEEE3A248596E2004A3282 /* Main.storyboard */ = {
			isa = PBXVariantGroup;
			children = (
				D6CEEE3B248596E2004A3282 /* Base */,
			);
			name = Main.storyboard;
			sourceTree = "<group>";
		};
		D6CEEE3F248596E3004A3282 /* LaunchScreen.storyboard */ = {
			isa = PBXVariantGroup;
			children = (
				D6CEEE40248596E3004A3282 /* Base */,
			);
			name = LaunchScreen.storyboard;
			sourceTree = "<group>";
		};
/* End PBXVariantGroup section */

/* Begin XCBuildConfiguration section */
		D6CEEE43248596E3004A3282 /* Debug */ = {
			isa = XCBuildConfiguration;
			buildSettings = {
				ALWAYS_SEARCH_USER_PATHS = NO;
				CLANG_ANALYZER_NONNULL = YES;
				CLANG_ANALYZER_NUMBER_OBJECT_CONVERSION = YES_AGGRESSIVE;
				CLANG_CXX_LANGUAGE_STANDARD = "gnu++14";
				CLANG_CXX_LIBRARY = "libc++";
				CLANG_ENABLE_MODULES = YES;
				CLANG_ENABLE_OBJC_ARC = YES;
				CLANG_ENABLE_OBJC_WEAK = YES;
				CLANG_WARN_BLOCK_CAPTURE_AUTORELEASING = YES;
				CLANG_WARN_BOOL_CONVERSION = YES;
				CLANG_WARN_COMMA = YES;
				CLANG_WARN_CONSTANT_CONVERSION = YES;
				CLANG_WARN_DEPRECATED_OBJC_IMPLEMENTATIONS = YES;
				CLANG_WARN_DIRECT_OBJC_ISA_USAGE = YES_ERROR;
				CLANG_WARN_DOCUMENTATION_COMMENTS = YES;
				CLANG_WARN_EMPTY_BODY = YES;
				CLANG_WARN_ENUM_CONVERSION = YES;
				CLANG_WARN_INFINITE_RECURSION = YES;
				CLANG_WARN_INT_CONVERSION = YES;
				CLANG_WARN_NON_LITERAL_NULL_CONVERSION = YES;
				CLANG_WARN_OBJC_IMPLICIT_RETAIN_SELF = YES;
				CLANG_WARN_OBJC_LITERAL_CONVERSION = YES;
				CLANG_WARN_OBJC_ROOT_CLASS = YES_ERROR;
				CLANG_WARN_RANGE_LOOP_ANALYSIS = YES;
				CLANG_WARN_STRICT_PROTOTYPES = YES;
				CLANG_WARN_SUSPICIOUS_MOVE = YES;
				CLANG_WARN_UNGUARDED_AVAILABILITY = YES_AGGRESSIVE;
				CLANG_WARN_UNREACHABLE_CODE = YES;
				CLANG_WARN__DUPLICATE_METHOD_MATCH = YES;
				COPY_PHASE_STRIP = NO;
				DEBUG_INFORMATION_FORMAT = dwarf;
				ENABLE_STRICT_OBJC_MSGSEND = YES;
				ENABLE_TESTABILITY = YES;
				GCC_C_LANGUAGE_STANDARD = gnu11;
				GCC_DYNAMIC_NO_PIC = NO;
				GCC_NO_COMMON_BLOCKS = YES;
				GCC_OPTIMIZATION_LEVEL = 0;
				GCC_PREPROCESSOR_DEFINITIONS = (
					"DEBUG=1",
					"$(inherited)",
				);
				GCC_WARN_64_TO_32_BIT_CONVERSION = YES;
				GCC_WARN_ABOUT_RETURN_TYPE = YES_ERROR;
				GCC_WARN_UNDECLARED_SELECTOR = YES;
				GCC_WARN_UNINITIALIZED_AUTOS = YES_AGGRESSIVE;
				GCC_WARN_UNUSED_FUNCTION = YES;
				GCC_WARN_UNUSED_VARIABLE = YES;
				IPHONEOS_DEPLOYMENT_TARGET = 13.4;
				MTL_ENABLE_DEBUG_INFO = INCLUDE_SOURCE;
				MTL_FAST_MATH = YES;
				ONLY_ACTIVE_ARCH = YES;
				SDKROOT = iphoneos;
				SWIFT_ACTIVE_COMPILATION_CONDITIONS = DEBUG;
				SWIFT_OPTIMIZATION_LEVEL = "-Onone";
			};
			name = Debug;
		};
		D6CEEE44248596E3004A3282 /* Release */ = {
			isa = XCBuildConfiguration;
			buildSettings = {
				ALWAYS_SEARCH_USER_PATHS = NO;
				CLANG_ANALYZER_NONNULL = YES;
				CLANG_ANALYZER_NUMBER_OBJECT_CONVERSION = YES_AGGRESSIVE;
				CLANG_CXX_LANGUAGE_STANDARD = "gnu++14";
				CLANG_CXX_LIBRARY = "libc++";
				CLANG_ENABLE_MODULES = YES;
				CLANG_ENABLE_OBJC_ARC = YES;
				CLANG_ENABLE_OBJC_WEAK = YES;
				CLANG_WARN_BLOCK_CAPTURE_AUTORELEASING = YES;
				CLANG_WARN_BOOL_CONVERSION = YES;
				CLANG_WARN_COMMA = YES;
				CLANG_WARN_CONSTANT_CONVERSION = YES;
				CLANG_WARN_DEPRECATED_OBJC_IMPLEMENTATIONS = YES;
				CLANG_WARN_DIRECT_OBJC_ISA_USAGE = YES_ERROR;
				CLANG_WARN_DOCUMENTATION_COMMENTS = YES;
				CLANG_WARN_EMPTY_BODY = YES;
				CLANG_WARN_ENUM_CONVERSION = YES;
				CLANG_WARN_INFINITE_RECURSION = YES;
				CLANG_WARN_INT_CONVERSION = YES;
				CLANG_WARN_NON_LITERAL_NULL_CONVERSION = YES;
				CLANG_WARN_OBJC_IMPLICIT_RETAIN_SELF = YES;
				CLANG_WARN_OBJC_LITERAL_CONVERSION = YES;
				CLANG_WARN_OBJC_ROOT_CLASS = YES_ERROR;
				CLANG_WARN_RANGE_LOOP_ANALYSIS = YES;
				CLANG_WARN_STRICT_PROTOTYPES = YES;
				CLANG_WARN_SUSPICIOUS_MOVE = YES;
				CLANG_WARN_UNGUARDED_AVAILABILITY = YES_AGGRESSIVE;
				CLANG_WARN_UNREACHABLE_CODE = YES;
				CLANG_WARN__DUPLICATE_METHOD_MATCH = YES;
				COPY_PHASE_STRIP = NO;
				DEBUG_INFORMATION_FORMAT = "dwarf-with-dsym";
				ENABLE_NS_ASSERTIONS = NO;
				ENABLE_STRICT_OBJC_MSGSEND = YES;
				GCC_C_LANGUAGE_STANDARD = gnu11;
				GCC_NO_COMMON_BLOCKS = YES;
				GCC_WARN_64_TO_32_BIT_CONVERSION = YES;
				GCC_WARN_ABOUT_RETURN_TYPE = YES_ERROR;
				GCC_WARN_UNDECLARED_SELECTOR = YES;
				GCC_WARN_UNINITIALIZED_AUTOS = YES_AGGRESSIVE;
				GCC_WARN_UNUSED_FUNCTION = YES;
				GCC_WARN_UNUSED_VARIABLE = YES;
				IPHONEOS_DEPLOYMENT_TARGET = 13.4;
				MTL_ENABLE_DEBUG_INFO = NO;
				MTL_FAST_MATH = YES;
				SDKROOT = iphoneos;
				SWIFT_COMPILATION_MODE = wholemodule;
				SWIFT_OPTIMIZATION_LEVEL = "-O";
				VALIDATE_PRODUCT = YES;
			};
			name = Release;
		};
		D6CEEE46248596E3004A3282 /* Debug */ = {
			isa = XCBuildConfiguration;
			baseConfigurationReference = 9C6102E243D6DAB2F7D94FC9 /* Pods-Matrix Task.debug.xcconfig */;
			buildSettings = {
				ASSETCATALOG_COMPILER_APPICON_NAME = AppIcon;
				CODE_SIGN_STYLE = Automatic;
				DEVELOPMENT_TEAM = X8VM9X4JZM;
				INFOPLIST_FILE = "Matrix Task/Info.plist";
				LD_RUNPATH_SEARCH_PATHS = (
					"$(inherited)",
					"@executable_path/Frameworks",
				);
				PRODUCT_BUNDLE_IDENTIFIER = "com.veronika.Matrix-Task";
				PRODUCT_NAME = "$(TARGET_NAME)";
				SWIFT_VERSION = 5.0;
				TARGETED_DEVICE_FAMILY = "1,2";
			};
			name = Debug;
		};
		D6CEEE47248596E3004A3282 /* Release */ = {
			isa = XCBuildConfiguration;
			baseConfigurationReference = A2AA3418A879F0D5382B4D0D /* Pods-Matrix Task.release.xcconfig */;
			buildSettings = {
				ASSETCATALOG_COMPILER_APPICON_NAME = AppIcon;
				CODE_SIGN_STYLE = Automatic;
				DEVELOPMENT_TEAM = X8VM9X4JZM;
				INFOPLIST_FILE = "Matrix Task/Info.plist";
				LD_RUNPATH_SEARCH_PATHS = (
					"$(inherited)",
					"@executable_path/Frameworks",
				);
				PRODUCT_BUNDLE_IDENTIFIER = "com.veronika.Matrix-Task";
				PRODUCT_NAME = "$(TARGET_NAME)";
				SWIFT_VERSION = 5.0;
				TARGETED_DEVICE_FAMILY = "1,2";
			};
			name = Release;
		};
/* End XCBuildConfiguration section */

/* Begin XCConfigurationList section */
		D6CEEE2C248596E2004A3282 /* Build configuration list for PBXProject "Matrix Task" */ = {
			isa = XCConfigurationList;
			buildConfigurations = (
				D6CEEE43248596E3004A3282 /* Debug */,
				D6CEEE44248596E3004A3282 /* Release */,
			);
			defaultConfigurationIsVisible = 0;
			defaultConfigurationName = Release;
		};
		D6CEEE45248596E3004A3282 /* Build configuration list for PBXNativeTarget "Matrix Task" */ = {
			isa = XCConfigurationList;
			buildConfigurations = (
				D6CEEE46248596E3004A3282 /* Debug */,
				D6CEEE47248596E3004A3282 /* Release */,
			);
			defaultConfigurationIsVisible = 0;
			defaultConfigurationName = Release;
		};
/* End XCConfigurationList section */
	};
	rootObject = D6CEEE29248596E2004A3282 /* Project object */;
}
